// !$*UTF8*$!
{
	archiveVersion = 1;
	classes = {
	};
	objectVersion = 48;
	objects = {

/* Begin PBXBuildFile section */
		AE15B4B01FC7C065008EF215 /* BaseNavigationController.swift in Sources */ = {isa = PBXBuildFile; fileRef = AE15B4AF1FC7C065008EF215 /* BaseNavigationController.swift */; };
		AE15B4B21FC81B1A008EF215 /* TwoViewController.swift in Sources */ = {isa = PBXBuildFile; fileRef = AE15B4B11FC81B1A008EF215 /* TwoViewController.swift */; };
		AE99399C1FC678EC008595FF /* AppDelegate.swift in Sources */ = {isa = PBXBuildFile; fileRef = AE99399B1FC678EC008595FF /* AppDelegate.swift */; };
		AE99399E1FC678EC008595FF /* ViewController.swift in Sources */ = {isa = PBXBuildFile; fileRef = AE99399D1FC678EC008595FF /* ViewController.swift */; };
		AE9939A11FC678EC008595FF /* Main.storyboard in Resources */ = {isa = PBXBuildFile; fileRef = AE99399F1FC678EC008595FF /* Main.storyboard */; };
		AE9939A31FC678EC008595FF /* Assets.xcassets in Resources */ = {isa = PBXBuildFile; fileRef = AE9939A21FC678EC008595FF /* Assets.xcassets */; };
		AE9939A61FC678EC008595FF /* LaunchScreen.storyboard in Resources */ = {isa = PBXBuildFile; fileRef = AE9939A41FC678EC008595FF /* LaunchScreen.storyboard */; };
/* End PBXBuildFile section */

/* Begin PBXFileReference section */
		AE15B4AF1FC7C065008EF215 /* BaseNavigationController.swift */ = {isa = PBXFileReference; lastKnownFileType = sourcecode.swift; path = BaseNavigationController.swift; sourceTree = "<group>"; };
		AE15B4B11FC81B1A008EF215 /* TwoViewController.swift */ = {isa = PBXFileReference; lastKnownFileType = sourcecode.swift; path = TwoViewController.swift; sourceTree = "<group>"; };
		AE9939981FC678EC008595FF /* HMNavigationControllerDemo.app */ = {isa = PBXFileReference; explicitFileType = wrapper.application; includeInIndex = 0; path = HMNavigationControllerDemo.app; sourceTree = BUILT_PRODUCTS_DIR; };
		AE99399B1FC678EC008595FF /* AppDelegate.swift */ = {isa = PBXFileReference; lastKnownFileType = sourcecode.swift; path = AppDelegate.swift; sourceTree = "<group>"; };
		AE99399D1FC678EC008595FF /* ViewController.swift */ = {isa = PBXFileReference; lastKnownFileType = sourcecode.swift; path = ViewController.swift; sourceTree = "<group>"; };
		AE9939A01FC678EC008595FF /* Base */ = {isa = PBXFileReference; lastKnownFileType = file.storyboard; name = Base; path = Base.lproj/Main.storyboard; sourceTree = "<group>"; };
		AE9939A21FC678EC008595FF /* Assets.xcassets */ = {isa = PBXFileReference; lastKnownFileType = folder.assetcatalog; path = Assets.xcassets; sourceTree = "<group>"; };
		AE9939A51FC678EC008595FF /* Base */ = {isa = PBXFileReference; lastKnownFileType = file.storyboard; name = Base; path = Base.lproj/LaunchScreen.storyboard; sourceTree = "<group>"; };
		AE9939A71FC678EC008595FF /* Info.plist */ = {isa = PBXFileReference; lastKnownFileType = text.plist.xml; path = Info.plist; sourceTree = "<group>"; };
/* End PBXFileReference section */

/* Begin PBXFrameworksBuildPhase section */
		AE9939951FC678EC008595FF /* Frameworks */ = {
			isa = PBXFrameworksBuildPhase;
			buildActionMask = 2147483647;
			files = (
			);
			runOnlyForDeploymentPostprocessing = 0;
		};
/* End PBXFrameworksBuildPhase section */

/* Begin PBXGroup section */
		AE99398F1FC678EC008595FF = {
			isa = PBXGroup;
			children = (
				AE99399A1FC678EC008595FF /* HMNavigationControllerDemo */,
				AE9939991FC678EC008595FF /* Products */,
			);
			sourceTree = "<group>";
		};
		AE9939991FC678EC008595FF /* Products */ = {
			isa = PBXGroup;
			children = (
				AE9939981FC678EC008595FF /* HMNavigationControllerDemo.app */,
			);
			name = Products;
			sourceTree = "<group>";
		};
		AE99399A1FC678EC008595FF /* HMNavigationControllerDemo */ = {
			isa = PBXGroup;
			children = (
				AE99399B1FC678EC008595FF /* AppDelegate.swift */,
				AE15B4AF1FC7C065008EF215 /* BaseNavigationController.swift */,
				AE99399D1FC678EC008595FF /* ViewController.swift */,
				AE15B4B11FC81B1A008EF215 /* TwoViewController.swift */,
				AE99399F1FC678EC008595FF /* Main.storyboard */,
				AE9939A21FC678EC008595FF /* Assets.xcassets */,
				AE9939A41FC678EC008595FF /* LaunchScreen.storyboard */,
				AE9939A71FC678EC008595FF /* Info.plist */,
			);
			path = HMNavigationControllerDemo;
			sourceTree = "<group>";
		};
/* End PBXGroup section */

/* Begin PBXNativeTarget section */
		AE9939971FC678EC008595FF /* HMNavigationControllerDemo */ = {
			isa = PBXNativeTarget;
			buildConfigurationList = AE9939AA1FC678EC008595FF /* Build configuration list for PBXNativeTarget "HMNavigationControllerDemo" */;
			buildPhases = (
				AE9939941FC678EC008595FF /* Sources */,
				AE9939951FC678EC008595FF /* Frameworks */,
				AE9939961FC678EC008595FF /* Resources */,
			);
			buildRules = (
			);
			dependencies = (
			);
			name = HMNavigationControllerDemo;
			productName = HMNavigationControllerDemo;
			productReference = AE9939981FC678EC008595FF /* HMNavigationControllerDemo.app */;
			productType = "com.apple.product-type.application";
		};
/* End PBXNativeTarget section */

/* Begin PBXProject section */
		AE9939901FC678EC008595FF /* Project object */ = {
			isa = PBXProject;
			attributes = {
				LastSwiftUpdateCheck = 0910;
				LastUpgradeCheck = 0910;
				ORGANIZATIONNAME = "郝高明";
				TargetAttributes = {
					AE9939971FC678EC008595FF = {
						CreatedOnToolsVersion = 9.1;
						ProvisioningStyle = Automatic;
					};
				};
			};
			buildConfigurationList = AE9939931FC678EC008595FF /* Build configuration list for PBXProject "HMNavigationControllerDemo" */;
			compatibilityVersion = "Xcode 8.0";
			developmentRegion = en;
			hasScannedForEncodings = 0;
			knownRegions = (
				en,
				Base,
			);
			mainGroup = AE99398F1FC678EC008595FF;
			productRefGroup = AE9939991FC678EC008595FF /* Products */;
			projectDirPath = "";
			projectRoot = "";
			targets = (
				AE9939971FC678EC008595FF /* HMNavigationControllerDemo */,
			);
		};
/* End PBXProject section */

/* Begin PBXResourcesBuildPhase section */
		AE9939961FC678EC008595FF /* Resources */ = {
			isa = PBXResourcesBuildPhase;
			buildActionMask = 2147483647;
			files = (
				AE9939A61FC678EC008595FF /* LaunchScreen.storyboard in Resources */,
				AE9939A31FC678EC008595FF /* Assets.xcassets in Resources */,
				AE9939A11FC678EC008595FF /* Main.storyboard in Resources */,
			);
			runOnlyForDeploymentPostprocessing = 0;
		};
/* End PBXResourcesBuildPhase section */

/* Begin PBXSourcesBuildPhase section */
		AE9939941FC678EC008595FF /* Sources */ = {
			isa = PBXSourcesBuildPhase;
			buildActionMask = 2147483647;
			files = (
				AE99399E1FC678EC008595FF /* ViewController.swift in Sources */,
				AE99399C1FC678EC008595FF /* AppDelegate.swift in Sources */,
				AE15B4B01FC7C065008EF215 /* BaseNavigationController.swift in Sources */,
				AE15B4B21FC81B1A008EF215 /* TwoViewController.swift in Sources */,
			);
			runOnlyForDeploymentPostprocessing = 0;
		};
/* End PBXSourcesBuildPhase section */

/* Begin PBXVariantGroup section */
		AE99399F1FC678EC008595FF /* Main.storyboard */ = {
			isa = PBXVariantGroup;
			children = (
				AE9939A01FC678EC008595FF /* Base */,
			);
			name = Main.storyboard;
			sourceTree = "<group>";
		};
		AE9939A41FC678EC008595FF /* LaunchScreen.storyboard */ = {
			isa = PBXVariantGroup;
			children = (
				AE9939A51FC678EC008595FF /* Base */,
			);
			name = LaunchScreen.storyboard;
			sourceTree = "<group>";
		};
/* End PBXVariantGroup section */

/* Begin XCBuildConfiguration section */
		AE9939A81FC678EC008595FF /* Debug */ = {
			isa = XCBuildConfiguration;
			buildSettings = {
				ALWAYS_SEARCH_USER_PATHS = NO;
				CLANG_ANALYZER_NONNULL = YES;
				CLANG_ANALYZER_NUMBER_OBJECT_CONVERSION = YES_AGGRESSIVE;
				CLANG_CXX_LANGUAGE_STANDARD = "gnu++14";
				CLANG_CXX_LIBRARY = "libc++";
				CLANG_ENABLE_MODULES = YES;
				CLANG_ENABLE_OBJC_ARC = YES;
				CLANG_WARN_BLOCK_CAPTURE_AUTORELEASING = YES;
				CLANG_WARN_BOOL_CONVERSION = YES;
				CLANG_WARN_COMMA = YES;
				CLANG_WARN_CONSTANT_CONVERSION = YES;
				CLANG_WARN_DIRECT_OBJC_ISA_USAGE = YES_ERROR;
				CLANG_WARN_DOCUMENTATION_COMMENTS = YES;
				CLANG_WARN_EMPTY_BODY = YES;
				CLANG_WARN_ENUM_CONVERSION = YES;
				CLANG_WARN_INFINITE_RECURSION = YES;
				CLANG_WARN_INT_CONVERSION = YES;
				CLANG_WARN_NON_LITERAL_NULL_CONVERSION = YES;
				CLANG_WARN_OBJC_LITERAL_CONVERSION = YES;
				CLANG_WARN_OBJC_ROOT_CLASS = YES_ERROR;
				CLANG_WARN_RANGE_LOOP_ANALYSIS = YES;
				CLANG_WARN_STRICT_PROTOTYPES = YES;
				CLANG_WARN_SUSPICIOUS_MOVE = YES;
				CLANG_WARN_UNGUARDED_AVAILABILITY = YES_AGGRESSIVE;
				CLANG_WARN_UNREACHABLE_CODE = YES;
				CLANG_WARN__DUPLICATE_METHOD_MATCH = YES;
				CODE_SIGN_IDENTITY = "iPhone Developer";
				COPY_PHASE_STRIP = NO;
				DEBUG_INFORMATION_FORMAT = dwarf;
				ENABLE_STRICT_OBJC_MSGSEND = YES;
				ENABLE_TESTABILITY = YES;
				GCC_C_LANGUAGE_STANDARD = gnu11;
				GCC_DYNAMIC_NO_PIC = NO;
				GCC_NO_COMMON_BLOCKS = YES;
				GCC_OPTIMIZATION_LEVEL = 0;
				GCC_PREPROCESSOR_DEFINITIONS = (
					"DEBUG=1",
					"$(inherited)",
				);
				GCC_WARN_64_TO_32_BIT_CONVERSION = YES;
				GCC_WARN_ABOUT_RETURN_TYPE = YES_ERROR;
				GCC_WARN_UNDECLARED_SELECTOR = YES;
				GCC_WARN_UNINITIALIZED_AUTOS = YES_AGGRESSIVE;
				GCC_WARN_UNUSED_FUNCTION = YES;
				GCC_WARN_UNUSED_VARIABLE = YES;
				IPHONEOS_DEPLOYMENT_TARGET = 11.1;
				MTL_ENABLE_DEBUG_INFO = YES;
				ONLY_ACTIVE_ARCH = YES;
				SDKROOT = iphoneos;
				SWIFT_ACTIVE_COMPILATION_CONDITIONS = DEBUG;
				SWIFT_OPTIMIZATION_LEVEL = "-Onone";
			};
			name = Debug;
		};
		AE9939A91FC678EC008595FF /* Release */ = {
			isa = XCBuildConfiguration;
			buildSettings = {
				ALWAYS_SEARCH_USER_PATHS = NO;
				CLANG_ANALYZER_NONNULL = YES;
				CLANG_ANALYZER_NUMBER_OBJECT_CONVERSION = YES_AGGRESSIVE;
				CLANG_CXX_LANGUAGE_STANDARD = "gnu++14";
				CLANG_CXX_LIBRARY = "libc++";
				CLANG_ENABLE_MODULES = YES;
				CLANG_ENABLE_OBJC_ARC = YES;
				CLANG_WARN_BLOCK_CAPTURE_AUTORELEASING = YES;
				CLANG_WARN_BOOL_CONVERSION = YES;
				CLANG_WARN_COMMA = YES;
				CLANG_WARN_CONSTANT_CONVERSION = YES;
				CLANG_WARN_DIRECT_OBJC_ISA_USAGE = YES_ERROR;
				CLANG_WARN_DOCUMENTATION_COMMENTS = YES;
				CLANG_WARN_EMPTY_BODY = YES;
				CLANG_WARN_ENUM_CONVERSION = YES;
				CLANG_WARN_INFINITE_RECURSION = YES;
				CLANG_WARN_INT_CONVERSION = YES;
				CLANG_WARN_NON_LITERAL_NULL_CONVERSION = YES;
				CLANG_WARN_OBJC_LITERAL_CONVERSION = YES;
				CLANG_WARN_OBJC_ROOT_CLASS = YES_ERROR;
				CLANG_WARN_RANGE_LOOP_ANALYSIS = YES;
				CLANG_WARN_STRICT_PROTOTYPES = YES;
				CLANG_WARN_SUSPICIOUS_MOVE = YES;
				CLANG_WARN_UNGUARDED_AVAILABILITY = YES_AGGRESSIVE;
				CLANG_WARN_UNREACHABLE_CODE = YES;
				CLANG_WARN__DUPLICATE_METHOD_MATCH = YES;
				CODE_SIGN_IDENTITY = "iPhone Developer";
				COPY_PHASE_STRIP = NO;
				DEBUG_INFORMATION_FORMAT = "dwarf-with-dsym";
				ENABLE_NS_ASSERTIONS = NO;
				ENABLE_STRICT_OBJC_MSGSEND = YES;
				GCC_C_LANGUAGE_STANDARD = gnu11;
				GCC_NO_COMMON_BLOCKS = YES;
				GCC_WARN_64_TO_32_BIT_CONVERSION = YES;
				GCC_WARN_ABOUT_RETURN_TYPE = YES_ERROR;
				GCC_WARN_UNDECLARED_SELECTOR = YES;
				GCC_WARN_UNINITIALIZED_AUTOS = YES_AGGRESSIVE;
				GCC_WARN_UNUSED_FUNCTION = YES;
				GCC_WARN_UNUSED_VARIABLE = YES;
				IPHONEOS_DEPLOYMENT_TARGET = 11.1;
				MTL_ENABLE_DEBUG_INFO = NO;
				SDKROOT = iphoneos;
				SWIFT_OPTIMIZATION_LEVEL = "-Owholemodule";
				VALIDATE_PRODUCT = YES;
			};
			name = Release;
		};
		AE9939AB1FC678EC008595FF /* Debug */ = {
			isa = XCBuildConfiguration;
			buildSettings = {
				ASSETCATALOG_COMPILER_APPICON_NAME = AppIcon;
				CODE_SIGN_STYLE = Automatic;
				INFOPLIST_FILE = HMNavigationControllerDemo/Info.plist;
				LD_RUNPATH_SEARCH_PATHS = "$(inherited) @executable_path/Frameworks";
				PRODUCT_BUNDLE_IDENTIFIER = com.artron.HMNavigationControllerDemo;
				PRODUCT_NAME = "$(TARGET_NAME)";
				SWIFT_VERSION = 4.0;
				TARGETED_DEVICE_FAMILY = "1,2";
			};
			name = Debug;
		};
		AE9939AC1FC678EC008595FF /* Release */ = {
			isa = XCBuildConfiguration;
			buildSettings = {
				ASSETCATALOG_COMPILER_APPICON_NAME = AppIcon;
				CODE_SIGN_STYLE = Automatic;
				INFOPLIST_FILE = HMNavigationControllerDemo/Info.plist;
				LD_RUNPATH_SEARCH_PATHS = "$(inherited) @executable_path/Frameworks";
				PRODUCT_BUNDLE_IDENTIFIER = com.artron.HMNavigationControllerDemo;
				PRODUCT_NAME = "$(TARGET_NAME)";
				SWIFT_VERSION = 4.0;
				TARGETED_DEVICE_FAMILY = "1,2";
			};
			name = Release;
		};
/* End XCBuildConfiguration section */

/* Begin XCConfigurationList section */
		AE9939931FC678EC008595FF /* Build configuration list for PBXProject "HMNavigationControllerDemo" */ = {
			isa = XCConfigurationList;
			buildConfigurations = (
				AE9939A81FC678EC008595FF /* Debug */,
				AE9939A91FC678EC008595FF /* Release */,
			);
			defaultConfigurationIsVisible = 0;
			defaultConfigurationName = Release;
		};
		AE9939AA1FC678EC008595FF /* Build configuration list for PBXNativeTarget "HMNavigationControllerDemo" */ = {
			isa = XCConfigurationList;
			buildConfigurations = (
				AE9939AB1FC678EC008595FF /* Debug */,
				AE9939AC1FC678EC008595FF /* Release */,
			);
			defaultConfigurationIsVisible = 0;
			defaultConfigurationName = Release;
		};
/* End XCConfigurationList section */
	};
	rootObject = AE9939901FC678EC008595FF /* Project object */;
}
